
Microsoft Visual Studio Solution File, Format Version 12.00
# Visual Studio Version 17
VisualStudioVersion = 17.1.32228.430
MinimumVisualStudioVersion = 10.0.40219.1
Project("{FAE04EC0-301F-11D3-BF4B-00C04F79EFBC}") = "StajyerTakip", "StajyerTakip\StajyerTakip.csproj", "{DF97D9AF-455E-4477-9FA1-09725EC0C26E}"
EndProject
Global
	GlobalSection(SolutionConfigurationPlatforms) = preSolution
		Debug|Any CPU = Debug|Any CPU
		Release|Any CPU = Release|Any CPU
	EndGlobalSection
	GlobalSection(ProjectConfigurationPlatforms) = postSolution
		{DF97D9AF-455E-4477-9FA1-09725EC0C26E}.Debug|Any CPU.ActiveCfg = Debug|Any CPU
		{DF97D9AF-455E-4477-9FA1-09725EC0C26E}.Debug|Any CPU.Build.0 = Debug|Any CPU
		{DF97D9AF-455E-4477-9FA1-09725EC0C26E}.Release|Any CPU.ActiveCfg = Release|Any CPU
		{DF97D9AF-455E-4477-9FA1-09725EC0C26E}.Release|Any CPU.Build.0 = Release|Any CPU
	EndGlobalSection
	GlobalSection(SolutionProperties) = preSolution
		HideSolutionNode = FALSE
	EndGlobalSection
	GlobalSection(ExtensibilityGlobals) = postSolution
		SolutionGuid = {02916799-A447-47B6-B396-B6FC52AF42DF}
	EndGlobalSection
EndGlobal
